// !$*UTF8*$!
{
	archiveVersion = 1;
	classes = {
	};
	objectVersion = 55;
	objects = {

/* Begin PBXBuildFile section */
		4D4D37DFE11823E6F2A0270E /* Pods_Lec25DatesAndCalendarKit.framework in Frameworks */ = {isa = PBXBuildFile; fileRef = E0773EA8375DA20C7ED02831 /* Pods_Lec25DatesAndCalendarKit.framework */; };
		D5697B4F27625BAA0003E8D9 /* AppDelegate.swift in Sources */ = {isa = PBXBuildFile; fileRef = D5697B4E27625BAA0003E8D9 /* AppDelegate.swift */; };
		D5697B5127625BAA0003E8D9 /* SceneDelegate.swift in Sources */ = {isa = PBXBuildFile; fileRef = D5697B5027625BAA0003E8D9 /* SceneDelegate.swift */; };
		D5697B5327625BAA0003E8D9 /* ViewController.swift in Sources */ = {isa = PBXBuildFile; fileRef = D5697B5227625BAA0003E8D9 /* ViewController.swift */; };
		D5697B5627625BAA0003E8D9 /* Main.storyboard in Resources */ = {isa = PBXBuildFile; fileRef = D5697B5427625BAA0003E8D9 /* Main.storyboard */; };
		D5697B5927625BAA0003E8D9 /* Lec25DatesAndCalendarKit.xcdatamodeld in Sources */ = {isa = PBXBuildFile; fileRef = D5697B5727625BAA0003E8D9 /* Lec25DatesAndCalendarKit.xcdatamodeld */; };
		D5697B5B27625BAE0003E8D9 /* Assets.xcassets in Resources */ = {isa = PBXBuildFile; fileRef = D5697B5A27625BAE0003E8D9 /* Assets.xcassets */; };
		D5697B5E27625BAE0003E8D9 /* LaunchScreen.storyboard in Resources */ = {isa = PBXBuildFile; fileRef = D5697B5C27625BAE0003E8D9 /* LaunchScreen.storyboard */; };
		D5697B6727626E520003E8D9 /* DateHelper.swift in Sources */ = {isa = PBXBuildFile; fileRef = D5697B6627626E520003E8D9 /* DateHelper.swift */; };
		D5697B6A27627F620003E8D9 /* CalendarKitViewController.swift in Sources */ = {isa = PBXBuildFile; fileRef = D5697B6927627F610003E8D9 /* CalendarKitViewController.swift */; };
		D5697B6D276283B70003E8D9 /* EKWrapper.swift in Sources */ = {isa = PBXBuildFile; fileRef = D5697B6C276283B70003E8D9 /* EKWrapper.swift */; };
/* End PBXBuildFile section */

/* Begin PBXFileReference section */
		A0617F21F6AAD3BBDF999C62 /* Pods-Lec25DatesAndCalendarKit.debug.xcconfig */ = {isa = PBXFileReference; includeInIndex = 1; lastKnownFileType = text.xcconfig; name = "Pods-Lec25DatesAndCalendarKit.debug.xcconfig"; path = "Target Support Files/Pods-Lec25DatesAndCalendarKit/Pods-Lec25DatesAndCalendarKit.debug.xcconfig"; sourceTree = "<group>"; };
		C140C26A5C68A5FEFCA55E57 /* Pods-Lec25DatesAndCalendarKit.release.xcconfig */ = {isa = PBXFileReference; includeInIndex = 1; lastKnownFileType = text.xcconfig; name = "Pods-Lec25DatesAndCalendarKit.release.xcconfig"; path = "Target Support Files/Pods-Lec25DatesAndCalendarKit/Pods-Lec25DatesAndCalendarKit.release.xcconfig"; sourceTree = "<group>"; };
		D5697B4B27625BAA0003E8D9 /* Lec25DatesAndCalendarKit.app */ = {isa = PBXFileReference; explicitFileType = wrapper.application; includeInIndex = 0; path = Lec25DatesAndCalendarKit.app; sourceTree = BUILT_PRODUCTS_DIR; };
		D5697B4E27625BAA0003E8D9 /* AppDelegate.swift */ = {isa = PBXFileReference; lastKnownFileType = sourcecode.swift; path = AppDelegate.swift; sourceTree = "<group>"; };
		D5697B5027625BAA0003E8D9 /* SceneDelegate.swift */ = {isa = PBXFileReference; lastKnownFileType = sourcecode.swift; path = SceneDelegate.swift; sourceTree = "<group>"; };
		D5697B5227625BAA0003E8D9 /* ViewController.swift */ = {isa = PBXFileReference; lastKnownFileType = sourcecode.swift; path = ViewController.swift; sourceTree = "<group>"; };
		D5697B5527625BAA0003E8D9 /* Base */ = {isa = PBXFileReference; lastKnownFileType = file.storyboard; name = Base; path = Base.lproj/Main.storyboard; sourceTree = "<group>"; };
		D5697B5827625BAA0003E8D9 /* Lec25DatesAndCalendarKit.xcdatamodel */ = {isa = PBXFileReference; lastKnownFileType = wrapper.xcdatamodel; path = Lec25DatesAndCalendarKit.xcdatamodel; sourceTree = "<group>"; };
		D5697B5A27625BAE0003E8D9 /* Assets.xcassets */ = {isa = PBXFileReference; lastKnownFileType = folder.assetcatalog; path = Assets.xcassets; sourceTree = "<group>"; };
		D5697B5D27625BAE0003E8D9 /* Base */ = {isa = PBXFileReference; lastKnownFileType = file.storyboard; name = Base; path = Base.lproj/LaunchScreen.storyboard; sourceTree = "<group>"; };
		D5697B5F27625BAE0003E8D9 /* Info.plist */ = {isa = PBXFileReference; lastKnownFileType = text.plist.xml; path = Info.plist; sourceTree = "<group>"; };
		D5697B6627626E520003E8D9 /* DateHelper.swift */ = {isa = PBXFileReference; lastKnownFileType = sourcecode.swift; path = DateHelper.swift; sourceTree = "<group>"; };
		D5697B6927627F610003E8D9 /* CalendarKitViewController.swift */ = {isa = PBXFileReference; lastKnownFileType = sourcecode.swift; path = CalendarKitViewController.swift; sourceTree = "<group>"; };
		D5697B6C276283B70003E8D9 /* EKWrapper.swift */ = {isa = PBXFileReference; lastKnownFileType = sourcecode.swift; path = EKWrapper.swift; sourceTree = "<group>"; };
		E0773EA8375DA20C7ED02831 /* Pods_Lec25DatesAndCalendarKit.framework */ = {isa = PBXFileReference; explicitFileType = wrapper.framework; includeInIndex = 0; path = Pods_Lec25DatesAndCalendarKit.framework; sourceTree = BUILT_PRODUCTS_DIR; };
/* End PBXFileReference section */

/* Begin PBXFrameworksBuildPhase section */
		D5697B4827625BAA0003E8D9 /* Frameworks */ = {
			isa = PBXFrameworksBuildPhase;
			buildActionMask = 2147483647;
			files = (
				4D4D37DFE11823E6F2A0270E /* Pods_Lec25DatesAndCalendarKit.framework in Frameworks */,
			);
			runOnlyForDeploymentPostprocessing = 0;
		};
/* End PBXFrameworksBuildPhase section */

/* Begin PBXGroup section */
		6271DC4F87F64ECF372D1E76 /* Pods */ = {
			isa = PBXGroup;
			children = (
				A0617F21F6AAD3BBDF999C62 /* Pods-Lec25DatesAndCalendarKit.debug.xcconfig */,
				C140C26A5C68A5FEFCA55E57 /* Pods-Lec25DatesAndCalendarKit.release.xcconfig */,
			);
			path = Pods;
			sourceTree = "<group>";
		};
		D5697B4227625BAA0003E8D9 = {
			isa = PBXGroup;
			children = (
				D5697B4D27625BAA0003E8D9 /* Lec25DatesAndCalendarKit */,
				D5697B4C27625BAA0003E8D9 /* Products */,
				6271DC4F87F64ECF372D1E76 /* Pods */,
				E3D7C82CBC04B1C49910067B /* Frameworks */,
			);
			sourceTree = "<group>";
		};
		D5697B4C27625BAA0003E8D9 /* Products */ = {
			isa = PBXGroup;
			children = (
				D5697B4B27625BAA0003E8D9 /* Lec25DatesAndCalendarKit.app */,
			);
			name = Products;
			sourceTree = "<group>";
		};
		D5697B4D27625BAA0003E8D9 /* Lec25DatesAndCalendarKit */ = {
			isa = PBXGroup;
			children = (
				D5697B6B276283A40003E8D9 /* Models */,
				D5697B6827627F3F0003E8D9 /* Controllers */,
				D5697B6527626E400003E8D9 /* DateHelper */,
				D5697B4E27625BAA0003E8D9 /* AppDelegate.swift */,
				D5697B5027625BAA0003E8D9 /* SceneDelegate.swift */,
				D5697B5227625BAA0003E8D9 /* ViewController.swift */,
				D5697B5427625BAA0003E8D9 /* Main.storyboard */,
				D5697B5A27625BAE0003E8D9 /* Assets.xcassets */,
				D5697B5C27625BAE0003E8D9 /* LaunchScreen.storyboard */,
				D5697B5F27625BAE0003E8D9 /* Info.plist */,
				D5697B5727625BAA0003E8D9 /* Lec25DatesAndCalendarKit.xcdatamodeld */,
			);
			path = Lec25DatesAndCalendarKit;
			sourceTree = "<group>";
		};
		D5697B6527626E400003E8D9 /* DateHelper */ = {
			isa = PBXGroup;
			children = (
				D5697B6627626E520003E8D9 /* DateHelper.swift */,
			);
			path = DateHelper;
			sourceTree = "<group>";
		};
		D5697B6827627F3F0003E8D9 /* Controllers */ = {
			isa = PBXGroup;
			children = (
				D5697B6927627F610003E8D9 /* CalendarKitViewController.swift */,
			);
			path = Controllers;
			sourceTree = "<group>";
		};
		D5697B6B276283A40003E8D9 /* Models */ = {
			isa = PBXGroup;
			children = (
				D5697B6C276283B70003E8D9 /* EKWrapper.swift */,
			);
			path = Models;
			sourceTree = "<group>";
		};
		E3D7C82CBC04B1C49910067B /* Frameworks */ = {
			isa = PBXGroup;
			children = (
				E0773EA8375DA20C7ED02831 /* Pods_Lec25DatesAndCalendarKit.framework */,
			);
			name = Frameworks;
			sourceTree = "<group>";
		};
/* End PBXGroup section */

/* Begin PBXNativeTarget section */
		D5697B4A27625BAA0003E8D9 /* Lec25DatesAndCalendarKit */ = {
			isa = PBXNativeTarget;
			buildConfigurationList = D5697B6227625BAE0003E8D9 /* Build configuration list for PBXNativeTarget "Lec25DatesAndCalendarKit" */;
			buildPhases = (
				617846BE1DF75F0DD9D9177C /* [CP] Check Pods Manifest.lock */,
				D5697B4727625BAA0003E8D9 /* Sources */,
				D5697B4827625BAA0003E8D9 /* Frameworks */,
				D5697B4927625BAA0003E8D9 /* Resources */,
				266077ED77D1D59F6B9ACAAD /* [CP] Embed Pods Frameworks */,
			);
			buildRules = (
			);
			dependencies = (
			);
			name = Lec25DatesAndCalendarKit;
			productName = Lec25DatesAndCalendarKit;
			productReference = D5697B4B27625BAA0003E8D9 /* Lec25DatesAndCalendarKit.app */;
			productType = "com.apple.product-type.application";
		};
/* End PBXNativeTarget section */

/* Begin PBXProject section */
		D5697B4327625BAA0003E8D9 /* Project object */ = {
			isa = PBXProject;
			attributes = {
				BuildIndependentTargetsInParallel = 1;
				LastSwiftUpdateCheck = 1310;
				LastUpgradeCheck = 1310;
				TargetAttributes = {
					D5697B4A27625BAA0003E8D9 = {
						CreatedOnToolsVersion = 13.1;
					};
				};
			};
			buildConfigurationList = D5697B4627625BAA0003E8D9 /* Build configuration list for PBXProject "Lec25DatesAndCalendarKit" */;
			compatibilityVersion = "Xcode 13.0";
			developmentRegion = en;
			hasScannedForEncodings = 0;
			knownRegions = (
				en,
				Base,
			);
			mainGroup = D5697B4227625BAA0003E8D9;
			productRefGroup = D5697B4C27625BAA0003E8D9 /* Products */;
			projectDirPath = "";
			projectRoot = "";
			targets = (
				D5697B4A27625BAA0003E8D9 /* Lec25DatesAndCalendarKit */,
			);
		};
/* End PBXProject section */

/* Begin PBXResourcesBuildPhase section */
		D5697B4927625BAA0003E8D9 /* Resources */ = {
			isa = PBXResourcesBuildPhase;
			buildActionMask = 2147483647;
			files = (
				D5697B5E27625BAE0003E8D9 /* LaunchScreen.storyboard in Resources */,
				D5697B5B27625BAE0003E8D9 /* Assets.xcassets in Resources */,
				D5697B5627625BAA0003E8D9 /* Main.storyboard in Resources */,
			);
			runOnlyForDeploymentPostprocessing = 0;
		};
/* End PBXResourcesBuildPhase section */

/* Begin PBXShellScriptBuildPhase section */
		266077ED77D1D59F6B9ACAAD /* [CP] Embed Pods Frameworks */ = {
			isa = PBXShellScriptBuildPhase;
			buildActionMask = 2147483647;
			files = (
			);
			inputFileListPaths = (
				"${PODS_ROOT}/Target Support Files/Pods-Lec25DatesAndCalendarKit/Pods-Lec25DatesAndCalendarKit-frameworks-${CONFIGURATION}-input-files.xcfilelist",
			);
			name = "[CP] Embed Pods Frameworks";
			outputFileListPaths = (
				"${PODS_ROOT}/Target Support Files/Pods-Lec25DatesAndCalendarKit/Pods-Lec25DatesAndCalendarKit-frameworks-${CONFIGURATION}-output-files.xcfilelist",
			);
			runOnlyForDeploymentPostprocessing = 0;
			shellPath = /bin/sh;
			shellScript = "\"${PODS_ROOT}/Target Support Files/Pods-Lec25DatesAndCalendarKit/Pods-Lec25DatesAndCalendarKit-frameworks.sh\"\n";
			showEnvVarsInLog = 0;
		};
		617846BE1DF75F0DD9D9177C /* [CP] Check Pods Manifest.lock */ = {
			isa = PBXShellScriptBuildPhase;
			buildActionMask = 2147483647;
			files = (
			);
			inputFileListPaths = (
			);
			inputPaths = (
				"${PODS_PODFILE_DIR_PATH}/Podfile.lock",
				"${PODS_ROOT}/Manifest.lock",
			);
			name = "[CP] Check Pods Manifest.lock";
			outputFileListPaths = (
			);
			outputPaths = (
				"$(DERIVED_FILE_DIR)/Pods-Lec25DatesAndCalendarKit-checkManifestLockResult.txt",
			);
			runOnlyForDeploymentPostprocessing = 0;
			shellPath = /bin/sh;
			shellScript = "diff \"${PODS_PODFILE_DIR_PATH}/Podfile.lock\" \"${PODS_ROOT}/Manifest.lock\" > /dev/null\nif [ $? != 0 ] ; then\n    # print error to STDERR\n    echo \"error: The sandbox is not in sync with the Podfile.lock. Run 'pod install' or update your CocoaPods installation.\" >&2\n    exit 1\nfi\n# This output is used by Xcode 'outputs' to avoid re-running this script phase.\necho \"SUCCESS\" > \"${SCRIPT_OUTPUT_FILE_0}\"\n";
			showEnvVarsInLog = 0;
		};
/* End PBXShellScriptBuildPhase section */

/* Begin PBXSourcesBuildPhase section */
		D5697B4727625BAA0003E8D9 /* Sources */ = {
			isa = PBXSourcesBuildPhase;
			buildActionMask = 2147483647;
			files = (
				D5697B6727626E520003E8D9 /* DateHelper.swift in Sources */,
				D5697B6A27627F620003E8D9 /* CalendarKitViewController.swift in Sources */,
				D5697B5327625BAA0003E8D9 /* ViewController.swift in Sources */,
				D5697B4F27625BAA0003E8D9 /* AppDelegate.swift in Sources */,
				D5697B5927625BAA0003E8D9 /* Lec25DatesAndCalendarKit.xcdatamodeld in Sources */,
				D5697B5127625BAA0003E8D9 /* SceneDelegate.swift in Sources */,
				D5697B6D276283B70003E8D9 /* EKWrapper.swift in Sources */,
			);
			runOnlyForDeploymentPostprocessing = 0;
		};
/* End PBXSourcesBuildPhase section */

/* Begin PBXVariantGroup section */
		D5697B5427625BAA0003E8D9 /* Main.storyboard */ = {
			isa = PBXVariantGroup;
			children = (
				D5697B5527625BAA0003E8D9 /* Base */,
			);
			name = Main.storyboard;
			sourceTree = "<group>";
		};
		D5697B5C27625BAE0003E8D9 /* LaunchScreen.storyboard */ = {
			isa = PBXVariantGroup;
			children = (
				D5697B5D27625BAE0003E8D9 /* Base */,
			);
			name = LaunchScreen.storyboard;
			sourceTree = "<group>";
		};
/* End PBXVariantGroup section */

/* Begin XCBuildConfiguration section */
		D5697B6027625BAE0003E8D9 /* Debug */ = {
			isa = XCBuildConfiguration;
			buildSettings = {
				ALWAYS_SEARCH_USER_PATHS = NO;
				CLANG_ANALYZER_NONNULL = YES;
				CLANG_ANALYZER_NUMBER_OBJECT_CONVERSION = YES_AGGRESSIVE;
				CLANG_CXX_LANGUAGE_STANDARD = "gnu++17";
				CLANG_CXX_LIBRARY = "libc++";
				CLANG_ENABLE_MODULES = YES;
				CLANG_ENABLE_OBJC_ARC = YES;
				CLANG_ENABLE_OBJC_WEAK = YES;
				CLANG_WARN_BLOCK_CAPTURE_AUTORELEASING = YES;
				CLANG_WARN_BOOL_CONVERSION = YES;
				CLANG_WARN_COMMA = YES;
				CLANG_WARN_CONSTANT_CONVERSION = YES;
				CLANG_WARN_DEPRECATED_OBJC_IMPLEMENTATIONS = YES;
				CLANG_WARN_DIRECT_OBJC_ISA_USAGE = YES_ERROR;
				CLANG_WARN_DOCUMENTATION_COMMENTS = YES;
				CLANG_WARN_EMPTY_BODY = YES;
				CLANG_WARN_ENUM_CONVERSION = YES;
				CLANG_WARN_INFINITE_RECURSION = YES;
				CLANG_WARN_INT_CONVERSION = YES;
				CLANG_WARN_NON_LITERAL_NULL_CONVERSION = YES;
				CLANG_WARN_OBJC_IMPLICIT_RETAIN_SELF = YES;
				CLANG_WARN_OBJC_LITERAL_CONVERSION = YES;
				CLANG_WARN_OBJC_ROOT_CLASS = YES_ERROR;
				CLANG_WARN_QUOTED_INCLUDE_IN_FRAMEWORK_HEADER = YES;
				CLANG_WARN_RANGE_LOOP_ANALYSIS = YES;
				CLANG_WARN_STRICT_PROTOTYPES = YES;
				CLANG_WARN_SUSPICIOUS_MOVE = YES;
				CLANG_WARN_UNGUARDED_AVAILABILITY = YES_AGGRESSIVE;
				CLANG_WARN_UNREACHABLE_CODE = YES;
				CLANG_WARN__DUPLICATE_METHOD_MATCH = YES;
				COPY_PHASE_STRIP = NO;
				DEBUG_INFORMATION_FORMAT = dwarf;
				ENABLE_STRICT_OBJC_MSGSEND = YES;
				ENABLE_TESTABILITY = YES;
				GCC_C_LANGUAGE_STANDARD = gnu11;
				GCC_DYNAMIC_NO_PIC = NO;
				GCC_NO_COMMON_BLOCKS = YES;
				GCC_OPTIMIZATION_LEVEL = 0;
				GCC_PREPROCESSOR_DEFINITIONS = (
					"DEBUG=1",
					"$(inherited)",
				);
				GCC_WARN_64_TO_32_BIT_CONVERSION = YES;
				GCC_WARN_ABOUT_RETURN_TYPE = YES_ERROR;
				GCC_WARN_UNDECLARED_SELECTOR = YES;
				GCC_WARN_UNINITIALIZED_AUTOS = YES_AGGRESSIVE;
				GCC_WARN_UNUSED_FUNCTION = YES;
				GCC_WARN_UNUSED_VARIABLE = YES;
				IPHONEOS_DEPLOYMENT_TARGET = 15.0;
				MTL_ENABLE_DEBUG_INFO = INCLUDE_SOURCE;
				MTL_FAST_MATH = YES;
				ONLY_ACTIVE_ARCH = YES;
				SDKROOT = iphoneos;
				SWIFT_ACTIVE_COMPILATION_CONDITIONS = DEBUG;
				SWIFT_OPTIMIZATION_LEVEL = "-Onone";
			};
			name = Debug;
		};
		D5697B6127625BAE0003E8D9 /* Release */ = {
			isa = XCBuildConfiguration;
			buildSettings = {
				ALWAYS_SEARCH_USER_PATHS = NO;
				CLANG_ANALYZER_NONNULL = YES;
				CLANG_ANALYZER_NUMBER_OBJECT_CONVERSION = YES_AGGRESSIVE;
				CLANG_CXX_LANGUAGE_STANDARD = "gnu++17";
				CLANG_CXX_LIBRARY = "libc++";
				CLANG_ENABLE_MODULES = YES;
				CLANG_ENABLE_OBJC_ARC = YES;
				CLANG_ENABLE_OBJC_WEAK = YES;
				CLANG_WARN_BLOCK_CAPTURE_AUTORELEASING = YES;
				CLANG_WARN_BOOL_CONVERSION = YES;
				CLANG_WARN_COMMA = YES;
				CLANG_WARN_CONSTANT_CONVERSION = YES;
				CLANG_WARN_DEPRECATED_OBJC_IMPLEMENTATIONS = YES;
				CLANG_WARN_DIRECT_OBJC_ISA_USAGE = YES_ERROR;
				CLANG_WARN_DOCUMENTATION_COMMENTS = YES;
				CLANG_WARN_EMPTY_BODY = YES;
				CLANG_WARN_ENUM_CONVERSION = YES;
				CLANG_WARN_INFINITE_RECURSION = YES;
				CLANG_WARN_INT_CONVERSION = YES;
				CLANG_WARN_NON_LITERAL_NULL_CONVERSION = YES;
				CLANG_WARN_OBJC_IMPLICIT_RETAIN_SELF = YES;
				CLANG_WARN_OBJC_LITERAL_CONVERSION = YES;
				CLANG_WARN_OBJC_ROOT_CLASS = YES_ERROR;
				CLANG_WARN_QUOTED_INCLUDE_IN_FRAMEWORK_HEADER = YES;
				CLANG_WARN_RANGE_LOOP_ANALYSIS = YES;
				CLANG_WARN_STRICT_PROTOTYPES = YES;
				CLANG_WARN_SUSPICIOUS_MOVE = YES;
				CLANG_WARN_UNGUARDED_AVAILABILITY = YES_AGGRESSIVE;
				CLANG_WARN_UNREACHABLE_CODE = YES;
				CLANG_WARN__DUPLICATE_METHOD_MATCH = YES;
				COPY_PHASE_STRIP = NO;
				DEBUG_INFORMATION_FORMAT = "dwarf-with-dsym";
				ENABLE_NS_ASSERTIONS = NO;
				ENABLE_STRICT_OBJC_MSGSEND = YES;
				GCC_C_LANGUAGE_STANDARD = gnu11;
				GCC_NO_COMMON_BLOCKS = YES;
				GCC_WARN_64_TO_32_BIT_CONVERSION = YES;
				GCC_WARN_ABOUT_RETURN_TYPE = YES_ERROR;
				GCC_WARN_UNDECLARED_SELECTOR = YES;
				GCC_WARN_UNINITIALIZED_AUTOS = YES_AGGRESSIVE;
				GCC_WARN_UNUSED_FUNCTION = YES;
				GCC_WARN_UNUSED_VARIABLE = YES;
				IPHONEOS_DEPLOYMENT_TARGET = 15.0;
				MTL_ENABLE_DEBUG_INFO = NO;
				MTL_FAST_MATH = YES;
				SDKROOT = iphoneos;
				SWIFT_COMPILATION_MODE = wholemodule;
				SWIFT_OPTIMIZATION_LEVEL = "-O";
				VALIDATE_PRODUCT = YES;
			};
			name = Release;
		};
		D5697B6327625BAE0003E8D9 /* Debug */ = {
			isa = XCBuildConfiguration;
			baseConfigurationReference = A0617F21F6AAD3BBDF999C62 /* Pods-Lec25DatesAndCalendarKit.debug.xcconfig */;
			buildSettings = {
				ASSETCATALOG_COMPILER_APPICON_NAME = AppIcon;
				ASSETCATALOG_COMPILER_GLOBAL_ACCENT_COLOR_NAME = AccentColor;
				CODE_SIGN_STYLE = Automatic;
				CURRENT_PROJECT_VERSION = 1;
				DEVELOPMENT_TEAM = ZZX52DGZQ6;
				GENERATE_INFOPLIST_FILE = YES;
				INFOPLIST_FILE = Lec25DatesAndCalendarKit/Info.plist;
				INFOPLIST_KEY_UIApplicationSupportsIndirectInputEvents = YES;
				INFOPLIST_KEY_UILaunchStoryboardName = LaunchScreen;
				INFOPLIST_KEY_UIMainStoryboardFile = Main;
				INFOPLIST_KEY_UISupportedInterfaceOrientations_iPad = "UIInterfaceOrientationPortrait UIInterfaceOrientationPortraitUpsideDown UIInterfaceOrientationLandscapeLeft UIInterfaceOrientationLandscapeRight";
				INFOPLIST_KEY_UISupportedInterfaceOrientations_iPhone = "UIInterfaceOrientationPortrait UIInterfaceOrientationLandscapeLeft UIInterfaceOrientationLandscapeRight";
				LD_RUNPATH_SEARCH_PATHS = (
					"$(inherited)",
					"@executable_path/Frameworks",
				);
				MARKETING_VERSION = 1.0;
				PRODUCT_BUNDLE_IDENTIFIER = edu.tomerbu.Lec25DatesAndCalendarKit;
				PRODUCT_NAME = "$(TARGET_NAME)";
				SWIFT_EMIT_LOC_STRINGS = YES;
				SWIFT_VERSION = 5.0;
				TARGETED_DEVICE_FAMILY = "1,2";
			};
			name = Debug;
		};
		D5697B6427625BAE0003E8D9 /* Release */ = {
			isa = XCBuildConfiguration;
			baseConfigurationReference = C140C26A5C68A5FEFCA55E57 /* Pods-Lec25DatesAndCalendarKit.release.xcconfig */;
			buildSettings = {
				ASSETCATALOG_COMPILER_APPICON_NAME = AppIcon;
				ASSETCATALOG_COMPILER_GLOBAL_ACCENT_COLOR_NAME = AccentColor;
				CODE_SIGN_STYLE = Automatic;
				CURRENT_PROJECT_VERSION = 1;
				DEVELOPMENT_TEAM = ZZX52DGZQ6;
				GENERATE_INFOPLIST_FILE = YES;
				INFOPLIST_FILE = Lec25DatesAndCalendarKit/Info.plist;
				INFOPLIST_KEY_UIApplicationSupportsIndirectInputEvents = YES;
				INFOPLIST_KEY_UILaunchStoryboardName = LaunchScreen;
				INFOPLIST_KEY_UIMainStoryboardFile = Main;
				INFOPLIST_KEY_UISupportedInterfaceOrientations_iPad = "UIInterfaceOrientationPortrait UIInterfaceOrientationPortraitUpsideDown UIInterfaceOrientationLandscapeLeft UIInterfaceOrientationLandscapeRight";
				INFOPLIST_KEY_UISupportedInterfaceOrientations_iPhone = "UIInterfaceOrientationPortrait UIInterfaceOrientationLandscapeLeft UIInterfaceOrientationLandscapeRight";
				LD_RUNPATH_SEARCH_PATHS = (
					"$(inherited)",
					"@executable_path/Frameworks",
				);
				MARKETING_VERSION = 1.0;
				PRODUCT_BUNDLE_IDENTIFIER = edu.tomerbu.Lec25DatesAndCalendarKit;
				PRODUCT_NAME = "$(TARGET_NAME)";
				SWIFT_EMIT_LOC_STRINGS = YES;
				SWIFT_VERSION = 5.0;
				TARGETED_DEVICE_FAMILY = "1,2";
			};
			name = Release;
		};
/* End XCBuildConfiguration section */

/* Begin XCConfigurationList section */
		D5697B4627625BAA0003E8D9 /* Build configuration list for PBXProject "Lec25DatesAndCalendarKit" */ = {
			isa = XCConfigurationList;
			buildConfigurations = (
				D5697B6027625BAE0003E8D9 /* Debug */,
				D5697B6127625BAE0003E8D9 /* Release */,
			);
			defaultConfigurationIsVisible = 0;
			defaultConfigurationName = Release;
		};
		D5697B6227625BAE0003E8D9 /* Build configuration list for PBXNativeTarget "Lec25DatesAndCalendarKit" */ = {
			isa = XCConfigurationList;
			buildConfigurations = (
				D5697B6327625BAE0003E8D9 /* Debug */,
				D5697B6427625BAE0003E8D9 /* Release */,
			);
			defaultConfigurationIsVisible = 0;
			defaultConfigurationName = Release;
		};
/* End XCConfigurationList section */

/* Begin XCVersionGroup section */
		D5697B5727625BAA0003E8D9 /* Lec25DatesAndCalendarKit.xcdatamodeld */ = {
			isa = XCVersionGroup;
			children = (
				D5697B5827625BAA0003E8D9 /* Lec25DatesAndCalendarKit.xcdatamodel */,
			);
			currentVersion = D5697B5827625BAA0003E8D9 /* Lec25DatesAndCalendarKit.xcdatamodel */;
			path = Lec25DatesAndCalendarKit.xcdatamodeld;
			sourceTree = "<group>";
			versionGroupType = wrapper.xcdatamodel;
		};
/* End XCVersionGroup section */
	};
	rootObject = D5697B4327625BAA0003E8D9 /* Project object */;
}
